
Microsoft Visual Studio Solution File, Format Version 12.00
# Visual Studio 15
VisualStudioVersion = 15.0.28307.572
MinimumVisualStudioVersion = 10.0.40219.1
Project("{FAE04EC0-301F-11D3-BF4B-00C04F79EFBC}") = "OrangeLoop.Sagas", "OrangeLoop.Sagas\OrangeLoop.Sagas.csproj", "{6CE73085-FCC6-4379-9E49-DD6EB4AC0BA4}"
EndProject
Project("{9A19103F-16F7-4668-BE54-9A1E7A4F7556}") = "OrangeLoop.Sagas.Console", "OrangeLoop.Sagas.Console\OrangeLoop.Sagas.Console.csproj", "{73A34CC6-2CB7-4AF9-9300-9C15AEC4D729}"
EndProject
Global
	GlobalSection(SolutionConfigurationPlatforms) = preSolution
		Debug|Any CPU = Debug|Any CPU
		Release|Any CPU = Release|Any CPU
	EndGlobalSection
	GlobalSection(ProjectConfigurationPlatforms) = postSolution
		{6CE73085-FCC6-4379-9E49-DD6EB4AC0BA4}.Debug|Any CPU.ActiveCfg = Debug|Any CPU
		{6CE73085-FCC6-4379-9E49-DD6EB4AC0BA4}.Debug|Any CPU.Build.0 = Debug|Any CPU
		{6CE73085-FCC6-4379-9E49-DD6EB4AC0BA4}.Release|Any CPU.ActiveCfg = Release|Any CPU
		{6CE73085-FCC6-4379-9E49-DD6EB4AC0BA4}.Release|Any CPU.Build.0 = Release|Any CPU
		{73A34CC6-2CB7-4AF9-9300-9C15AEC4D729}.Debug|Any CPU.ActiveCfg = Debug|Any CPU
		{73A34CC6-2CB7-4AF9-9300-9C15AEC4D729}.Debug|Any CPU.Build.0 = Debug|Any CPU
		{73A34CC6-2CB7-4AF9-9300-9C15AEC4D729}.Release|Any CPU.ActiveCfg = Release|Any CPU
		{73A34CC6-2CB7-4AF9-9300-9C15AEC4D729}.Release|Any CPU.Build.0 = Release|Any CPU
	EndGlobalSection
	GlobalSection(SolutionProperties) = preSolution
		HideSolutionNode = FALSE
	EndGlobalSection
	GlobalSection(ExtensibilityGlobals) = postSolution
		SolutionGuid = {C60C29E3-9D67-4C57-AF94-F64A1E3611EA}
	EndGlobalSection
EndGlobal
